
Microsoft Visual Studio Solution File, Format Version 12.00
# Visual Studio Version 16
VisualStudioVersion = 16.0.30523.141
MinimumVisualStudioVersion = 15.0.26124.0
Project("{9A19103F-16F7-4668-BE54-9A1E7A4F7556}") = "Momemto", "Momemto\Momemto.csproj", "{0181BEDD-A9E4-4A85-84D8-6BB75DF8C824}"
EndProject
Project("{9A19103F-16F7-4668-BE54-9A1E7A4F7556}") = "MomemtoTest", "MomemtoTest\MomemtoTest.csproj", "{2E85CD19-4A61-4DC5-80BA-84D53D254F70}"
EndProject
Project("{FAE04EC0-301F-11D3-BF4B-00C04F79EFBC}") = "State", "State\State.csproj", "{DCB7D0AE-1D66-4081-B994-B189AEEEDD42}"
EndProject
Global
	GlobalSection(SolutionConfigurationPlatforms) = preSolution
		Debug|Any CPU = Debug|Any CPU
		Debug|x64 = Debug|x64
		Debug|x86 = Debug|x86
		Release|Any CPU = Release|Any CPU
		Release|x64 = Release|x64
		Release|x86 = Release|x86
	EndGlobalSection
	GlobalSection(ProjectConfigurationPlatforms) = postSolution
		{0181BEDD-A9E4-4A85-84D8-6BB75DF8C824}.Debug|Any CPU.ActiveCfg = Debug|Any CPU
		{0181BEDD-A9E4-4A85-84D8-6BB75DF8C824}.Debug|Any CPU.Build.0 = Debug|Any CPU
		{0181BEDD-A9E4-4A85-84D8-6BB75DF8C824}.Debug|x64.ActiveCfg = Debug|Any CPU
		{0181BEDD-A9E4-4A85-84D8-6BB75DF8C824}.Debug|x64.Build.0 = Debug|Any CPU
		{0181BEDD-A9E4-4A85-84D8-6BB75DF8C824}.Debug|x86.ActiveCfg = Debug|Any CPU
		{0181BEDD-A9E4-4A85-84D8-6BB75DF8C824}.Debug|x86.Build.0 = Debug|Any CPU
		{0181BEDD-A9E4-4A85-84D8-6BB75DF8C824}.Release|Any CPU.ActiveCfg = Release|Any CPU
		{0181BEDD-A9E4-4A85-84D8-6BB75DF8C824}.Release|Any CPU.Build.0 = Release|Any CPU
		{0181BEDD-A9E4-4A85-84D8-6BB75DF8C824}.Release|x64.ActiveCfg = Release|Any CPU
		{0181BEDD-A9E4-4A85-84D8-6BB75DF8C824}.Release|x64.Build.0 = Release|Any CPU
		{0181BEDD-A9E4-4A85-84D8-6BB75DF8C824}.Release|x86.ActiveCfg = Release|Any CPU
		{0181BEDD-A9E4-4A85-84D8-6BB75DF8C824}.Release|x86.Build.0 = Release|Any CPU
		{2E85CD19-4A61-4DC5-80BA-84D53D254F70}.Debug|Any CPU.ActiveCfg = Debug|Any CPU
		{2E85CD19-4A61-4DC5-80BA-84D53D254F70}.Debug|Any CPU.Build.0 = Debug|Any CPU
		{2E85CD19-4A61-4DC5-80BA-84D53D254F70}.Debug|x64.ActiveCfg = Debug|Any CPU
		{2E85CD19-4A61-4DC5-80BA-84D53D254F70}.Debug|x64.Build.0 = Debug|Any CPU
		{2E85CD19-4A61-4DC5-80BA-84D53D254F70}.Debug|x86.ActiveCfg = Debug|Any CPU
		{2E85CD19-4A61-4DC5-80BA-84D53D254F70}.Debug|x86.Build.0 = Debug|Any CPU
		{2E85CD19-4A61-4DC5-80BA-84D53D254F70}.Release|Any CPU.ActiveCfg = Release|Any CPU
		{2E85CD19-4A61-4DC5-80BA-84D53D254F70}.Release|Any CPU.Build.0 = Release|Any CPU
		{2E85CD19-4A61-4DC5-80BA-84D53D254F70}.Release|x64.ActiveCfg = Release|Any CPU
		{2E85CD19-4A61-4DC5-80BA-84D53D254F70}.Release|x64.Build.0 = Release|Any CPU
		{2E85CD19-4A61-4DC5-80BA-84D53D254F70}.Release|x86.ActiveCfg = Release|Any CPU
		{2E85CD19-4A61-4DC5-80BA-84D53D254F70}.Release|x86.Build.0 = Release|Any CPU
		{DCB7D0AE-1D66-4081-B994-B189AEEEDD42}.Debug|Any CPU.ActiveCfg = Debug|Any CPU
		{DCB7D0AE-1D66-4081-B994-B189AEEEDD42}.Debug|Any CPU.Build.0 = Debug|Any CPU
		{DCB7D0AE-1D66-4081-B994-B189AEEEDD42}.Debug|x64.ActiveCfg = Debug|Any CPU
		{DCB7D0AE-1D66-4081-B994-B189AEEEDD42}.Debug|x64.Build.0 = Debug|Any CPU
		{DCB7D0AE-1D66-4081-B994-B189AEEEDD42}.Debug|x86.ActiveCfg = Debug|Any CPU
		{DCB7D0AE-1D66-4081-B994-B189AEEEDD42}.Debug|x86.Build.0 = Debug|Any CPU
		{DCB7D0AE-1D66-4081-B994-B189AEEEDD42}.Release|Any CPU.ActiveCfg = Release|Any CPU
		{DCB7D0AE-1D66-4081-B994-B189AEEEDD42}.Release|Any CPU.Build.0 = Release|Any CPU
		{DCB7D0AE-1D66-4081-B994-B189AEEEDD42}.Release|x64.ActiveCfg = Release|Any CPU
		{DCB7D0AE-1D66-4081-B994-B189AEEEDD42}.Release|x64.Build.0 = Release|Any CPU
		{DCB7D0AE-1D66-4081-B994-B189AEEEDD42}.Release|x86.ActiveCfg = Release|Any CPU
		{DCB7D0AE-1D66-4081-B994-B189AEEEDD42}.Release|x86.Build.0 = Release|Any CPU
	EndGlobalSection
	GlobalSection(SolutionProperties) = preSolution
		HideSolutionNode = FALSE
	EndGlobalSection
	GlobalSection(ExtensibilityGlobals) = postSolution
		SolutionGuid = {6C51C044-4773-4EA6-89D6-433BA8C7D068}
	EndGlobalSection
EndGlobal
